dependencies:
- name: prometheus
  repository: https://prometheus-community.github.io/helm-charts
  version: 22.6.6
- name: grafana
  repository: https://grafana.github.io/helm-charts
  version: 6.57.3
- name: loki
  repository: https://grafana.github.io/helm-charts
  version: 5.36.3
- name: promtail
  repository: https://grafana.github.io/helm-charts
  version: 6.14.1
- name: lms
  repository: https://molt.cockroachdb.com/lms/charts
  version: 0.2.1
digest: sha256:84b3858efe198aa7d6f0e48dd799af89f96a12bd17cd170c64888942df41e24f
generated: "2023-11-09T09:31:24.779209Z"
